schema: '2.0'
stages:
  dataset_baseline:
    cmd: python src/dataset_baseline.py
    deps:
    - path: data/raw/NYC.csv
      hash: md5
      md5: e59c291a4b1c640f1dab33b89daa22e1
      size: 200589097
    - path: src/dataset_baseline.py
      hash: md5
      md5: 3945b7a833f14a275f363f8e10b7dff7
      size: 7577
    - path: src/feature_definitions.py
      hash: md5
      md5: f1d7af539ddb89cca763768345b3786f
      size: 993
    outs:
    - path: data/processed/baseline/processed_NYC.csv
      hash: md5
      md5: 3811b14f383f3d06f0117354f47f9d22
      size: 178724812
  features_baseline:
    cmd: python src/features_baseline.py
    deps:
    - path: data/processed/baseline/processed_NYC.csv
      hash: md5
      md5: 3811b14f383f3d06f0117354f47f9d22
      size: 178724812
    - path: src/features_baseline.py
      hash: md5
      md5: 128651998a4e283d541a3103322dcdd8
      size: 6973
    params:
      params.yaml:
        features_baseline.random_state: 42
        features_baseline.test_size: 0.2
    outs:
    - path: data/processed/baseline/features.csv
      hash: md5
      md5: 34b16fbd6eb11c0cebed8c9736bbb0d0
      size: 446763109
    - path: data/processed/baseline/features_test.csv
      hash: md5
      md5: 70c7b4f679f488ac9b326ec0f7eb5c78
      size: 111693898
    - path: data/processed/baseline/labels.csv
      hash: md5
      md5: 9ea9965c8b24a04e10eeb6dc81dcda96
      size: 7206166
    - path: data/processed/baseline/labels_test.csv
      hash: md5
      md5: 468986747358e4fa927a6adbd231aa27
      size: 1801017
  dataset_osrm:
    cmd: python src/dataset_osrm.py
    deps:
    - path: data/external/osrm_data.csv
      hash: md5
      md5: 70dfab42185785c2e82f96db5860f2e1
      size: 735528424
    - path: data/raw/NYC.csv
      hash: md5
      md5: e59c291a4b1c640f1dab33b89daa22e1
      size: 200589097
    - path: src/dataset_osrm.py
      hash: md5
      md5: 3e1a51a399667326e8e88de38071650b
      size: 8653
    outs:
    - path: data/processed/osrm_boosted/processed_osrm_NYC.csv
      hash: md5
      md5: 27ab23e92ae9844f3abc679f5cd3c4f7
      size: 238368427
  features_osrm:
    cmd: python src/features_osrm.py
    deps:
    - path: data/processed/osrm_boosted/processed_osrm_NYC.csv
      hash: md5
      md5: 27ab23e92ae9844f3abc679f5cd3c4f7
      size: 238368427
    - path: src/features_osrm.py
      hash: md5
      md5: f854ba2da7af75305b8e2fd242ce4d83
      size: 6989
    params:
      params.yaml:
        features_osrm.random_state: 42
        features_osrm.test_size: 0.2
    outs:
    - path: data/processed/osrm_boosted/features.csv
      hash: md5
      md5: 6f2e4ff723cc1686b56f196a064b37df
      size: 553104863
    - path: data/processed/osrm_boosted/features_test.csv
      hash: md5
      md5: 337acc5e18d9d1f8e839fbd9431e4843
      size: 138280817
    - path: data/processed/osrm_boosted/labels.csv
      hash: md5
      md5: 9ea9965c8b24a04e10eeb6dc81dcda96
      size: 7206166
    - path: data/processed/osrm_boosted/labels_test.csv
      hash: md5
      md5: 468986747358e4fa927a6adbd231aa27
      size: 1801017
  Model_Training:
    cmd: python src/modeling/train.py
    deps:
    - path: data/processed/osrm_boosted/features.csv
      hash: md5
      md5: 6f2e4ff723cc1686b56f196a064b37df
      size: 553104863
    - path: data/processed/osrm_boosted/labels.csv
      hash: md5
      md5: 9ea9965c8b24a04e10eeb6dc81dcda96
      size: 7206166
    - path: src/modeling/train.py
      hash: md5
      md5: 4d8d0b4d73b06b4146644c7a0ac22278
      size: 5150
    params:
      params.yaml:
        Train.LightGBM:
          n_estimators: 784
          max_depth: 12
          num_leaves: 226
          learning_rate: 0.09213947113262885
          min_child_samples: 100
          min_gain_to_split: 0.026639930463593284
          reg_lambda: 14.623273479551953
          reg_alpha: 4.46640877511908
          subsample: 0.7624588246151371
          colsample_bytree: 0.6562971945476482
        Train.XGBOOST:
          n_estimators: 625
          max_depth: 12
          learning_rate: 0.01817657646383304
          subsample: 0.7382033538889818
          min_child_weight: 24
          gamma: 0.012833011282738694
          reg_lambda: 6.893792887703962
          colsample_bytree: 0.586048838662037
    outs:
    - path: models/model.joblib
      hash: md5
      md5: 7f345093519817126b19031ca37f7c64
      size: 81029505
  Model_Evaluating:
    cmd: python src/modeling/predict.py
    deps:
    - path: data/processed/osrm_boosted/features.csv
      hash: md5
      md5: 6f2e4ff723cc1686b56f196a064b37df
      size: 553104863
    - path: data/processed/osrm_boosted/features_test.csv
      hash: md5
      md5: 337acc5e18d9d1f8e839fbd9431e4843
      size: 138280817
    - path: data/processed/osrm_boosted/labels.csv
      hash: md5
      md5: 9ea9965c8b24a04e10eeb6dc81dcda96
      size: 7206166
    - path: data/processed/osrm_boosted/labels_test.csv
      hash: md5
      md5: 468986747358e4fa927a6adbd231aa27
      size: 1801017
    - path: models/model.joblib
      hash: md5
      md5: 7f345093519817126b19031ca37f7c64
      size: 81029505
    outs:
    - path: data/processed/test_predictions.csv
      hash: md5
      md5: 39633f3a081ead93d05d534d232e42a3
      size: 12388308
    - path: reports/evaluation_metrics.json
      hash: md5
      md5: e06013e641dc4f6e87f447006e288890
      size: 203
    - path: run_information.json
      hash: md5
      md5: 2b4a10ead4cd4c0a078212e8701eebb4
      size: 292
  register_model:
    cmd: python src/modeling/register_model.py
    deps:
    - path: run_information.json
      hash: md5
      md5: 2b4a10ead4cd4c0a078212e8701eebb4
      size: 292
    - path: src/modeling/register_model.py
      hash: md5
      md5: d9243222005be80368824a65b4ec33e0
      size: 10893
